
Microsoft Visual Studio Solution File, Format Version 12.00
# Visual Studio Version 16
VisualStudioVersion = 16.0.31613.86
MinimumVisualStudioVersion = 10.0.40219.1
Project("{9A19103F-16F7-4668-BE54-9A1E7A4F7556}") = "RecursionDemo", "RecursionDemo\RecursionDemo.csproj", "{582580EA-0E1D-4FED-8258-DDA0EE2937B5}"
EndProject
Project("{9A19103F-16F7-4668-BE54-9A1E7A4F7556}") = "ProjectTests", "ProjectTests\ProjectTests.csproj", "{CF3199DA-3206-4617-BCF2-43CE006AA130}"
EndProject
Project("{FAE04EC0-301F-11D3-BF4B-00C04F79EFBC}") = "Benchmarks", "Benchmarks\Benchmarks.csproj", "{8E9074F3-CAF1-4483-BCF8-42083C635834}"
EndProject
Global
	GlobalSection(SolutionConfigurationPlatforms) = preSolution
		Debug|Any CPU = Debug|Any CPU
		Release|Any CPU = Release|Any CPU
	EndGlobalSection
	GlobalSection(ProjectConfigurationPlatforms) = postSolution
		{582580EA-0E1D-4FED-8258-DDA0EE2937B5}.Debug|Any CPU.ActiveCfg = Debug|Any CPU
		{582580EA-0E1D-4FED-8258-DDA0EE2937B5}.Debug|Any CPU.Build.0 = Debug|Any CPU
		{582580EA-0E1D-4FED-8258-DDA0EE2937B5}.Release|Any CPU.ActiveCfg = Release|Any CPU
		{582580EA-0E1D-4FED-8258-DDA0EE2937B5}.Release|Any CPU.Build.0 = Release|Any CPU
		{CF3199DA-3206-4617-BCF2-43CE006AA130}.Debug|Any CPU.ActiveCfg = Debug|Any CPU
		{CF3199DA-3206-4617-BCF2-43CE006AA130}.Debug|Any CPU.Build.0 = Debug|Any CPU
		{CF3199DA-3206-4617-BCF2-43CE006AA130}.Release|Any CPU.ActiveCfg = Release|Any CPU
		{CF3199DA-3206-4617-BCF2-43CE006AA130}.Release|Any CPU.Build.0 = Release|Any CPU
		{8E9074F3-CAF1-4483-BCF8-42083C635834}.Debug|Any CPU.ActiveCfg = Debug|Any CPU
		{8E9074F3-CAF1-4483-BCF8-42083C635834}.Debug|Any CPU.Build.0 = Debug|Any CPU
		{8E9074F3-CAF1-4483-BCF8-42083C635834}.Release|Any CPU.ActiveCfg = Release|Any CPU
		{8E9074F3-CAF1-4483-BCF8-42083C635834}.Release|Any CPU.Build.0 = Release|Any CPU
	EndGlobalSection
	GlobalSection(SolutionProperties) = preSolution
		HideSolutionNode = FALSE
	EndGlobalSection
	GlobalSection(ExtensibilityGlobals) = postSolution
		SolutionGuid = {CC694A02-9EE0-466E-8889-7AD35731CCD6}
	EndGlobalSection
EndGlobal
